// !$*UTF8*$!
{
	archiveVersion = 1;
	classes = {
	};
	objectVersion = 77;
	objects = {

/* Begin PBXContainerItemProxy section */
		24EF96EB2DF7D5AB0086A8C1 /* PBXContainerItemProxy */ = {
			isa = PBXContainerItemProxy;
			containerPortal = 24EF96D22DF7D5A90086A8C1 /* Project object */;
			proxyType = 1;
			remoteGlobalIDString = 24EF96D92DF7D5A90086A8C1;
			remoteInfo = SmartCorrect;
		};
		24EF96F52DF7D5AB0086A8C1 /* PBXContainerItemProxy */ = {
			isa = PBXContainerItemProxy;
			containerPortal = 24EF96D22DF7D5A90086A8C1 /* Project object */;
			proxyType = 1;
			remoteGlobalIDString = 24EF96D92DF7D5A90086A8C1;
			remoteInfo = SmartCorrect;
		};
/* End PBXContainerItemProxy section */

/* Begin PBXFileReference section */
		24EF96DA2DF7D5A90086A8C1 /* SmartCorrect.app */ = {isa = PBXFileReference; explicitFileType = wrapper.application; includeInIndex = 0; path = SmartCorrect.app; sourceTree = BUILT_PRODUCTS_DIR; };
		24EF96EA2DF7D5AB0086A8C1 /* SmartCorrectTests.xctest */ = {isa = PBXFileReference; explicitFileType = wrapper.cfbundle; includeInIndex = 0; path = SmartCorrectTests.xctest; sourceTree = BUILT_PRODUCTS_DIR; };
		24EF96F42DF7D5AB0086A8C1 /* SmartCorrectUITests.xctest */ = {isa = PBXFileReference; explicitFileType = wrapper.cfbundle; includeInIndex = 0; path = SmartCorrectUITests.xctest; sourceTree = BUILT_PRODUCTS_DIR; };
/* End PBXFileReference section */

/* Begin PBXFileSystemSynchronizedRootGroup section */
		24EF96DC2DF7D5A90086A8C1 /* SmartCorrect */ = {
			isa = PBXFileSystemSynchronizedRootGroup;
			path = SmartCorrect;
			sourceTree = "<group>";
		};
		24EF96ED2DF7D5AB0086A8C1 /* SmartCorrectTests */ = {
			isa = PBXFileSystemSynchronizedRootGroup;
			path = SmartCorrectTests;
			sourceTree = "<group>";
		};
		24EF96F72DF7D5AB0086A8C1 /* SmartCorrectUITests */ = {
			isa = PBXFileSystemSynchronizedRootGroup;
			path = SmartCorrectUITests;
			sourceTree = "<group>";
		};
/* End PBXFileSystemSynchronizedRootGroup section */

/* Begin PBXFrameworksBuildPhase section */
		24EF96D72DF7D5A90086A8C1 /* Frameworks */ = {
			isa = PBXFrameworksBuildPhase;
			buildActionMask = 2147483647;
			files = (
			);
			runOnlyForDeploymentPostprocessing = 0;
		};
		24EF96E72DF7D5AB0086A8C1 /* Frameworks */ = {
			isa = PBXFrameworksBuildPhase;
			buildActionMask = 2147483647;
			files = (
			);
			runOnlyForDeploymentPostprocessing = 0;
		};
		24EF96F12DF7D5AB0086A8C1 /* Frameworks */ = {
			isa = PBXFrameworksBuildPhase;
			buildActionMask = 2147483647;
			files = (
			);
			runOnlyForDeploymentPostprocessing = 0;
		};
/* End PBXFrameworksBuildPhase section */

/* Begin PBXGroup section */
		24EF96D12DF7D5A90086A8C1 = {
			isa = PBXGroup;
			children = (
				24EF96DC2DF7D5A90086A8C1 /* SmartCorrect */,
				24EF96ED2DF7D5AB0086A8C1 /* SmartCorrectTests */,
				24EF96F72DF7D5AB0086A8C1 /* SmartCorrectUITests */,
				24EF96DB2DF7D5A90086A8C1 /* Products */,
			);
			sourceTree = "<group>";
		};
		24EF96DB2DF7D5A90086A8C1 /* Products */ = {
			isa = PBXGroup;
			children = (
				24EF96DA2DF7D5A90086A8C1 /* SmartCorrect.app */,
				24EF96EA2DF7D5AB0086A8C1 /* SmartCorrectTests.xctest */,
				24EF96F42DF7D5AB0086A8C1 /* SmartCorrectUITests.xctest */,
			);
			name = Products;
			sourceTree = "<group>";
		};
/* End PBXGroup section */

/* Begin PBXNativeTarget section */
		24EF96D92DF7D5A90086A8C1 /* SmartCorrect */ = {
			isa = PBXNativeTarget;
			buildConfigurationList = 24EF96FE2DF7D5AB0086A8C1 /* Build configuration list for PBXNativeTarget "SmartCorrect" */;
			buildPhases = (
				24EF96D62DF7D5A90086A8C1 /* Sources */,
				24EF96D72DF7D5A90086A8C1 /* Frameworks */,
				24EF96D82DF7D5A90086A8C1 /* Resources */,
			);
			buildRules = (
			);
			dependencies = (
			);
			fileSystemSynchronizedGroups = (
				24EF96DC2DF7D5A90086A8C1 /* SmartCorrect */,
			);
			name = SmartCorrect;
			packageProductDependencies = (
			);
			productName = SmartCorrect;
			productReference = 24EF96DA2DF7D5A90086A8C1 /* SmartCorrect.app */;
			productType = "com.apple.product-type.application";
		};
		24EF96E92DF7D5AB0086A8C1 /* SmartCorrectTests */ = {
			isa = PBXNativeTarget;
			buildConfigurationList = 24EF97012DF7D5AB0086A8C1 /* Build configuration list for PBXNativeTarget "SmartCorrectTests" */;
			buildPhases = (
				24EF96E62DF7D5AB0086A8C1 /* Sources */,
				24EF96E72DF7D5AB0086A8C1 /* Frameworks */,
				24EF96E82DF7D5AB0086A8C1 /* Resources */,
			);
			buildRules = (
			);
			dependencies = (
				24EF96EC2DF7D5AB0086A8C1 /* PBXTargetDependency */,
			);
			fileSystemSynchronizedGroups = (
				24EF96ED2DF7D5AB0086A8C1 /* SmartCorrectTests */,
			);
			name = SmartCorrectTests;
			packageProductDependencies = (
			);
			productName = SmartCorrectTests;
			productReference = 24EF96EA2DF7D5AB0086A8C1 /* SmartCorrectTests.xctest */;
			productType = "com.apple.product-type.bundle.unit-test";
		};
		24EF96F32DF7D5AB0086A8C1 /* SmartCorrectUITests */ = {
			isa = PBXNativeTarget;
			buildConfigurationList = 24EF97042DF7D5AB0086A8C1 /* Build configuration list for PBXNativeTarget "SmartCorrectUITests" */;
			buildPhases = (
				24EF96F02DF7D5AB0086A8C1 /* Sources */,
				24EF96F12DF7D5AB0086A8C1 /* Frameworks */,
				24EF96F22DF7D5AB0086A8C1 /* Resources */,
			);
			buildRules = (
			);
			dependencies = (
				24EF96F62DF7D5AB0086A8C1 /* PBXTargetDependency */,
			);
			fileSystemSynchronizedGroups = (
				24EF96F72DF7D5AB0086A8C1 /* SmartCorrectUITests */,
			);
			name = SmartCorrectUITests;
			packageProductDependencies = (
			);
			productName = SmartCorrectUITests;
			productReference = 24EF96F42DF7D5AB0086A8C1 /* SmartCorrectUITests.xctest */;
			productType = "com.apple.product-type.bundle.ui-testing";
		};
/* End PBXNativeTarget section */

/* Begin PBXProject section */
		24EF96D22DF7D5A90086A8C1 /* Project object */ = {
			isa = PBXProject;
			attributes = {
				BuildIndependentTargetsInParallel = 1;
				CLASSPREFIX = EII;
				LastSwiftUpdateCheck = 1640;
				LastUpgradeCheck = 1640;
				ORGANIZATIONNAME = "Entopia Investment Inc";
				TargetAttributes = {
					24EF96D92DF7D5A90086A8C1 = {
						CreatedOnToolsVersion = 16.4;
					};
					24EF96E92DF7D5AB0086A8C1 = {
						CreatedOnToolsVersion = 16.4;
						TestTargetID = 24EF96D92DF7D5A90086A8C1;
					};
					24EF96F32DF7D5AB0086A8C1 = {
						CreatedOnToolsVersion = 16.4;
						TestTargetID = 24EF96D92DF7D5A90086A8C1;
					};
				};
			};
			buildConfigurationList = 24EF96D52DF7D5A90086A8C1 /* Build configuration list for PBXProject "SmartCorrect" */;
			developmentRegion = en;
			hasScannedForEncodings = 0;
			knownRegions = (
				en,
				Base,
			);
			mainGroup = 24EF96D12DF7D5A90086A8C1;
			minimizedProjectReferenceProxies = 1;
			preferredProjectObjectVersion = 77;
			productRefGroup = 24EF96DB2DF7D5A90086A8C1 /* Products */;
			projectDirPath = "";
			projectRoot = "";
			targets = (
				24EF96D92DF7D5A90086A8C1 /* SmartCorrect */,
				24EF96E92DF7D5AB0086A8C1 /* SmartCorrectTests */,
				24EF96F32DF7D5AB0086A8C1 /* SmartCorrectUITests */,
			);
		};
/* End PBXProject section */

/* Begin PBXResourcesBuildPhase section */
		24EF96D82DF7D5A90086A8C1 /* Resources */ = {
			isa = PBXResourcesBuildPhase;
			buildActionMask = 2147483647;
			files = (
			);
			runOnlyForDeploymentPostprocessing = 0;
		};
		24EF96E82DF7D5AB0086A8C1 /* Resources */ = {
			isa = PBXResourcesBuildPhase;
			buildActionMask = 2147483647;
			files = (
			);
			runOnlyForDeploymentPostprocessing = 0;
		};
		24EF96F22DF7D5AB0086A8C1 /* Resources */ = {
			isa = PBXResourcesBuildPhase;
			buildActionMask = 2147483647;
			files = (
			);
			runOnlyForDeploymentPostprocessing = 0;
		};
/* End PBXResourcesBuildPhase section */

/* Begin PBXSourcesBuildPhase section */
		24EF96D62DF7D5A90086A8C1 /* Sources */ = {
			isa = PBXSourcesBuildPhase;
			buildActionMask = 2147483647;
			files = (
			);
			runOnlyForDeploymentPostprocessing = 0;
		};
		24EF96E62DF7D5AB0086A8C1 /* Sources */ = {
			isa = PBXSourcesBuildPhase;
			buildActionMask = 2147483647;
			files = (
			);
			runOnlyForDeploymentPostprocessing = 0;
		};
		24EF96F02DF7D5AB0086A8C1 /* Sources */ = {
			isa = PBXSourcesBuildPhase;
			buildActionMask = 2147483647;
			files = (
			);
			runOnlyForDeploymentPostprocessing = 0;
		};
/* End PBXSourcesBuildPhase section */

/* Begin PBXTargetDependency section */
		24EF96EC2DF7D5AB0086A8C1 /* PBXTargetDependency */ = {
			isa = PBXTargetDependency;
			target = 24EF96D92DF7D5A90086A8C1 /* SmartCorrect */;
			targetProxy = 24EF96EB2DF7D5AB0086A8C1 /* PBXContainerItemProxy */;
		};
		24EF96F62DF7D5AB0086A8C1 /* PBXTargetDependency */ = {
			isa = PBXTargetDependency;
			target = 24EF96D92DF7D5A90086A8C1 /* SmartCorrect */;
			targetProxy = 24EF96F52DF7D5AB0086A8C1 /* PBXContainerItemProxy */;
		};
/* End PBXTargetDependency section */

/* Begin XCBuildConfiguration section */
		24EF96FC2DF7D5AB0086A8C1 /* Debug */ = {
			isa = XCBuildConfiguration;
			buildSettings = {
				ALWAYS_SEARCH_USER_PATHS = NO;
				ASSETCATALOG_COMPILER_GENERATE_SWIFT_ASSET_SYMBOL_EXTENSIONS = YES;
				CLANG_ANALYZER_NONNULL = YES;
				CLANG_ANALYZER_NUMBER_OBJECT_CONVERSION = YES_AGGRESSIVE;
				CLANG_CXX_LANGUAGE_STANDARD = "gnu++20";
				CLANG_ENABLE_MODULES = YES;
				CLANG_ENABLE_OBJC_ARC = YES;
				CLANG_ENABLE_OBJC_WEAK = YES;
				CLANG_WARN_BLOCK_CAPTURE_AUTORELEASING = YES;
				CLANG_WARN_BOOL_CONVERSION = YES;
				CLANG_WARN_COMMA = YES;
				CLANG_WARN_CONSTANT_CONVERSION = YES;
				CLANG_WARN_DEPRECATED_OBJC_IMPLEMENTATIONS = YES;
				CLANG_WARN_DIRECT_OBJC_ISA_USAGE = YES_ERROR;
				CLANG_WARN_DOCUMENTATION_COMMENTS = YES;
				CLANG_WARN_EMPTY_BODY = YES;
				CLANG_WARN_ENUM_CONVERSION = YES;
				CLANG_WARN_INFINITE_RECURSION = YES;
				CLANG_WARN_INT_CONVERSION = YES;
				CLANG_WARN_NON_LITERAL_NULL_CONVERSION = YES;
				CLANG_WARN_OBJC_IMPLICIT_RETAIN_SELF = YES;
				CLANG_WARN_OBJC_LITERAL_CONVERSION = YES;
				CLANG_WARN_OBJC_ROOT_CLASS = YES_ERROR;
				CLANG_WARN_QUOTED_INCLUDE_IN_FRAMEWORK_HEADER = YES;
				CLANG_WARN_RANGE_LOOP_ANALYSIS = YES;
				CLANG_WARN_STRICT_PROTOTYPES = YES;
				CLANG_WARN_SUSPICIOUS_MOVE = YES;
				CLANG_WARN_UNGUARDED_AVAILABILITY = YES_AGGRESSIVE;
				CLANG_WARN_UNREACHABLE_CODE = YES;
				CLANG_WARN__DUPLICATE_METHOD_MATCH = YES;
				COPY_PHASE_STRIP = NO;
				DEBUG_INFORMATION_FORMAT = dwarf;
				DEVELOPMENT_TEAM = J2474BWJ22;
				ENABLE_STRICT_OBJC_MSGSEND = YES;
				ENABLE_TESTABILITY = YES;
				ENABLE_USER_SCRIPT_SANDBOXING = YES;
				GCC_C_LANGUAGE_STANDARD = gnu17;
				GCC_DYNAMIC_NO_PIC = NO;
				GCC_NO_COMMON_BLOCKS = YES;
				GCC_OPTIMIZATION_LEVEL = 0;
				GCC_PREPROCESSOR_DEFINITIONS = (
					"DEBUG=1",
					"$(inherited)",
				);
				GCC_WARN_64_TO_32_BIT_CONVERSION = YES;
				GCC_WARN_ABOUT_RETURN_TYPE = YES_ERROR;
				GCC_WARN_UNDECLARED_SELECTOR = YES;
				GCC_WARN_UNINITIALIZED_AUTOS = YES_AGGRESSIVE;
				GCC_WARN_UNUSED_FUNCTION = YES;
				GCC_WARN_UNUSED_VARIABLE = YES;
				LOCALIZATION_PREFERS_STRING_CATALOGS = YES;
				MACOSX_DEPLOYMENT_TARGET = 15.5;
				MTL_ENABLE_DEBUG_INFO = INCLUDE_SOURCE;
				MTL_FAST_MATH = YES;
				ONLY_ACTIVE_ARCH = YES;
				SDKROOT = macosx;
				SWIFT_ACTIVE_COMPILATION_CONDITIONS = "DEBUG $(inherited)";
				SWIFT_OPTIMIZATION_LEVEL = "-Onone";
			};
			name = Debug;
		};
		24EF96FD2DF7D5AB0086A8C1 /* Release */ = {
			isa = XCBuildConfiguration;
			buildSettings = {
				ALWAYS_SEARCH_USER_PATHS = NO;
				ASSETCATALOG_COMPILER_GENERATE_SWIFT_ASSET_SYMBOL_EXTENSIONS = YES;
				CLANG_ANALYZER_NONNULL = YES;
				CLANG_ANALYZER_NUMBER_OBJECT_CONVERSION = YES_AGGRESSIVE;
				CLANG_CXX_LANGUAGE_STANDARD = "gnu++20";
				CLANG_ENABLE_MODULES = YES;
				CLANG_ENABLE_OBJC_ARC = YES;
				CLANG_ENABLE_OBJC_WEAK = YES;
				CLANG_WARN_BLOCK_CAPTURE_AUTORELEASING = YES;
				CLANG_WARN_BOOL_CONVERSION = YES;
				CLANG_WARN_COMMA = YES;
				CLANG_WARN_CONSTANT_CONVERSION = YES;
				CLANG_WARN_DEPRECATED_OBJC_IMPLEMENTATIONS = YES;
				CLANG_WARN_DIRECT_OBJC_ISA_USAGE = YES_ERROR;
				CLANG_WARN_DOCUMENTATION_COMMENTS = YES;
				CLANG_WARN_EMPTY_BODY = YES;
				CLANG_WARN_ENUM_CONVERSION = YES;
				CLANG_WARN_INFINITE_RECURSION = YES;
				CLANG_WARN_INT_CONVERSION = YES;
				CLANG_WARN_NON_LITERAL_NULL_CONVERSION = YES;
				CLANG_WARN_OBJC_IMPLICIT_RETAIN_SELF = YES;
				CLANG_WARN_OBJC_LITERAL_CONVERSION = YES;
				CLANG_WARN_OBJC_ROOT_CLASS = YES_ERROR;
				CLANG_WARN_QUOTED_INCLUDE_IN_FRAMEWORK_HEADER = YES;
				CLANG_WARN_RANGE_LOOP_ANALYSIS = YES;
				CLANG_WARN_STRICT_PROTOTYPES = YES;
				CLANG_WARN_SUSPICIOUS_MOVE = YES;
				CLANG_WARN_UNGUARDED_AVAILABILITY = YES_AGGRESSIVE;
				CLANG_WARN_UNREACHABLE_CODE = YES;
				CLANG_WARN__DUPLICATE_METHOD_MATCH = YES;
				COPY_PHASE_STRIP = NO;
				DEBUG_INFORMATION_FORMAT = "dwarf-with-dsym";
				DEVELOPMENT_TEAM = J2474BWJ22;
				ENABLE_NS_ASSERTIONS = NO;
				ENABLE_STRICT_OBJC_MSGSEND = YES;
				ENABLE_USER_SCRIPT_SANDBOXING = YES;
				GCC_C_LANGUAGE_STANDARD = gnu17;
				GCC_NO_COMMON_BLOCKS = YES;
				GCC_WARN_64_TO_32_BIT_CONVERSION = YES;
				GCC_WARN_ABOUT_RETURN_TYPE = YES_ERROR;
				GCC_WARN_UNDECLARED_SELECTOR = YES;
				GCC_WARN_UNINITIALIZED_AUTOS = YES_AGGRESSIVE;
				GCC_WARN_UNUSED_FUNCTION = YES;
				GCC_WARN_UNUSED_VARIABLE = YES;
				LOCALIZATION_PREFERS_STRING_CATALOGS = YES;
				MACOSX_DEPLOYMENT_TARGET = 15.5;
				MTL_ENABLE_DEBUG_INFO = NO;
				MTL_FAST_MATH = YES;
				SDKROOT = macosx;
				SWIFT_COMPILATION_MODE = wholemodule;
			};
			name = Release;
		};
		24EF96FF2DF7D5AB0086A8C1 /* Debug */ = {
			isa = XCBuildConfiguration;
			buildSettings = {
				ASSETCATALOG_COMPILER_APPICON_NAME = AppIcon;
				ASSETCATALOG_COMPILER_GLOBAL_ACCENT_COLOR_NAME = AccentColor;
				CODE_SIGN_ENTITLEMENTS = SmartCorrect/SmartCorrect.entitlements;
				CODE_SIGN_STYLE = Automatic;
				COMBINE_HIDPI_IMAGES = YES;
				CURRENT_PROJECT_VERSION = 1;
				DEVELOPMENT_TEAM = J2474BWJ22;
				ENABLE_HARDENED_RUNTIME = YES;
				ENABLE_PREVIEWS = YES;
				GENERATE_INFOPLIST_FILE = YES;
				INFOPLIST_KEY_NSHumanReadableCopyright = "";
				LD_RUNPATH_SEARCH_PATHS = (
					"$(inherited)",
					"@executable_path/../Frameworks",
				);
				MACOSX_DEPLOYMENT_TARGET = 14.0;
				MARKETING_VERSION = 1.0;
				PRODUCT_BUNDLE_IDENTIFIER = com.radnovich.SmartCorrect;
				PRODUCT_NAME = "$(TARGET_NAME)";
				REGISTER_APP_GROUPS = YES;
				SWIFT_EMIT_LOC_STRINGS = YES;
				SWIFT_VERSION = 5.0;
			};
			name = Debug;
		};
		24EF97002DF7D5AB0086A8C1 /* Release */ = {
			isa = XCBuildConfiguration;
			buildSettings = {
				ASSETCATALOG_COMPILER_APPICON_NAME = AppIcon;
				ASSETCATALOG_COMPILER_GLOBAL_ACCENT_COLOR_NAME = AccentColor;
				CODE_SIGN_ENTITLEMENTS = SmartCorrect/SmartCorrect.entitlements;
				CODE_SIGN_STYLE = Automatic;
				COMBINE_HIDPI_IMAGES = YES;
				CURRENT_PROJECT_VERSION = 1;
				DEVELOPMENT_TEAM = J2474BWJ22;
				ENABLE_HARDENED_RUNTIME = YES;
				ENABLE_PREVIEWS = YES;
				GENERATE_INFOPLIST_FILE = YES;
				INFOPLIST_KEY_NSHumanReadableCopyright = "";
				LD_RUNPATH_SEARCH_PATHS = (
					"$(inherited)",
					"@executable_path/../Frameworks",
				);
				MACOSX_DEPLOYMENT_TARGET = 14.0;
				MARKETING_VERSION = 1.0;
				PRODUCT_BUNDLE_IDENTIFIER = com.radnovich.SmartCorrect;
				PRODUCT_NAME = "$(TARGET_NAME)";
				REGISTER_APP_GROUPS = YES;
				SWIFT_EMIT_LOC_STRINGS = YES;
				SWIFT_VERSION = 5.0;
			};
			name = Release;
		};
		24EF97022DF7D5AB0086A8C1 /* Debug */ = {
			isa = XCBuildConfiguration;
			buildSettings = {
				BUNDLE_LOADER = "$(TEST_HOST)";
				CODE_SIGN_STYLE = Automatic;
				CURRENT_PROJECT_VERSION = 1;
				DEVELOPMENT_TEAM = J2474BWJ22;
				GENERATE_INFOPLIST_FILE = YES;
				MACOSX_DEPLOYMENT_TARGET = 14.0;
				MARKETING_VERSION = 1.0;
				PRODUCT_BUNDLE_IDENTIFIER = com.radnovich.SmartCorrectTests;
				PRODUCT_NAME = "$(TARGET_NAME)";
				SWIFT_EMIT_LOC_STRINGS = NO;
				SWIFT_VERSION = 5.0;
				TEST_HOST = "$(BUILT_PRODUCTS_DIR)/SmartCorrect.app/$(BUNDLE_EXECUTABLE_FOLDER_PATH)/SmartCorrect";
			};
			name = Debug;
		};
		24EF97032DF7D5AB0086A8C1 /* Release */ = {
			isa = XCBuildConfiguration;
			buildSettings = {
				BUNDLE_LOADER = "$(TEST_HOST)";
				CODE_SIGN_STYLE = Automatic;
				CURRENT_PROJECT_VERSION = 1;
				DEVELOPMENT_TEAM = J2474BWJ22;
				GENERATE_INFOPLIST_FILE = YES;
				MACOSX_DEPLOYMENT_TARGET = 14.0;
				MARKETING_VERSION = 1.0;
				PRODUCT_BUNDLE_IDENTIFIER = com.radnovich.SmartCorrectTests;
				PRODUCT_NAME = "$(TARGET_NAME)";
				SWIFT_EMIT_LOC_STRINGS = NO;
				SWIFT_VERSION = 5.0;
				TEST_HOST = "$(BUILT_PRODUCTS_DIR)/SmartCorrect.app/$(BUNDLE_EXECUTABLE_FOLDER_PATH)/SmartCorrect";
			};
			name = Release;
		};
		24EF97052DF7D5AB0086A8C1 /* Debug */ = {
			isa = XCBuildConfiguration;
			buildSettings = {
				CODE_SIGN_STYLE = Automatic;
				CURRENT_PROJECT_VERSION = 1;
				DEVELOPMENT_TEAM = J2474BWJ22;
				GENERATE_INFOPLIST_FILE = YES;
				MARKETING_VERSION = 1.0;
				PRODUCT_BUNDLE_IDENTIFIER = com.radnovich.SmartCorrectUITests;
				PRODUCT_NAME = "$(TARGET_NAME)";
				SWIFT_EMIT_LOC_STRINGS = NO;
				SWIFT_VERSION = 5.0;
				TEST_TARGET_NAME = SmartCorrect;
			};
			name = Debug;
		};
		24EF97062DF7D5AB0086A8C1 /* Release */ = {
			isa = XCBuildConfiguration;
			buildSettings = {
				CODE_SIGN_STYLE = Automatic;
				CURRENT_PROJECT_VERSION = 1;
				DEVELOPMENT_TEAM = J2474BWJ22;
				GENERATE_INFOPLIST_FILE = YES;
				MARKETING_VERSION = 1.0;
				PRODUCT_BUNDLE_IDENTIFIER = com.radnovich.SmartCorrectUITests;
				PRODUCT_NAME = "$(TARGET_NAME)";
				SWIFT_EMIT_LOC_STRINGS = NO;
				SWIFT_VERSION = 5.0;
				TEST_TARGET_NAME = SmartCorrect;
			};
			name = Release;
		};
/* End XCBuildConfiguration section */

/* Begin XCConfigurationList section */
		24EF96D52DF7D5A90086A8C1 /* Build configuration list for PBXProject "SmartCorrect" */ = {
			isa = XCConfigurationList;
			buildConfigurations = (
				24EF96FC2DF7D5AB0086A8C1 /* Debug */,
				24EF96FD2DF7D5AB0086A8C1 /* Release */,
			);
			defaultConfigurationIsVisible = 0;
			defaultConfigurationName = Release;
		};
		24EF96FE2DF7D5AB0086A8C1 /* Build configuration list for PBXNativeTarget "SmartCorrect" */ = {
			isa = XCConfigurationList;
			buildConfigurations = (
				24EF96FF2DF7D5AB0086A8C1 /* Debug */,
				24EF97002DF7D5AB0086A8C1 /* Release */,
			);
			defaultConfigurationIsVisible = 0;
			defaultConfigurationName = Release;
		};
		24EF97012DF7D5AB0086A8C1 /* Build configuration list for PBXNativeTarget "SmartCorrectTests" */ = {
			isa = XCConfigurationList;
			buildConfigurations = (
				24EF97022DF7D5AB0086A8C1 /* Debug */,
				24EF97032DF7D5AB0086A8C1 /* Release */,
			);
			defaultConfigurationIsVisible = 0;
			defaultConfigurationName = Release;
		};
		24EF97042DF7D5AB0086A8C1 /* Build configuration list for PBXNativeTarget "SmartCorrectUITests" */ = {
			isa = XCConfigurationList;
			buildConfigurations = (
				24EF97052DF7D5AB0086A8C1 /* Debug */,
				24EF97062DF7D5AB0086A8C1 /* Release */,
			);
			defaultConfigurationIsVisible = 0;
			defaultConfigurationName = Release;
		};
/* End XCConfigurationList section */
	};
	rootObject = 24EF96D22DF7D5A90086A8C1 /* Project object */;
}
