// !$*UTF8*$!
{
	archiveVersion = 1;
	classes = {
	};
	objectVersion = 77;
	objects = {

/* Begin PBXBuildFile section */
		240476CF2DF6AAFE00A8A0CD /* KeyboardShortcuts in Frameworks */ = {isa = PBXBuildFile; productRef = 240476CE2DF6AAFE00A8A0CD /* KeyboardShortcuts */; };
		2455C5452DFA44C200E73679 /* KeychainAccess in Frameworks */ = {isa = PBXBuildFile; productRef = 2455C5442DFA44C200E73679 /* KeychainAccess */; };
/* End PBXBuildFile section */

/* Begin PBXContainerItemProxy section */
		240476B12DF6975600A8A0CD /* PBXContainerItemProxy */ = {
			isa = PBXContainerItemProxy;
			containerPortal = 240476982DF6975300A8A0CD /* Project object */;
			proxyType = 1;
			remoteGlobalIDString = 2404769F2DF6975300A8A0CD;
			remoteInfo = SmartCorrect;
		};
		240476BB2DF6975600A8A0CD /* PBXContainerItemProxy */ = {
			isa = PBXContainerItemProxy;
			containerPortal = 240476982DF6975300A8A0CD /* Project object */;
			proxyType = 1;
			remoteGlobalIDString = 2404769F2DF6975300A8A0CD;
			remoteInfo = SmartCorrect;
		};
/* End PBXContainerItemProxy section */

/* Begin PBXFileReference section */
		240476A02DF6975300A8A0CD /* SmartCorrect.app */ = {isa = PBXFileReference; explicitFileType = wrapper.application; includeInIndex = 0; path = SmartCorrect.app; sourceTree = BUILT_PRODUCTS_DIR; };
		240476B02DF6975600A8A0CD /* SmartCorrectTests.xctest */ = {isa = PBXFileReference; explicitFileType = wrapper.cfbundle; includeInIndex = 0; path = SmartCorrectTests.xctest; sourceTree = BUILT_PRODUCTS_DIR; };
		240476BA2DF6975600A8A0CD /* SmartCorrectUITests.xctest */ = {isa = PBXFileReference; explicitFileType = wrapper.cfbundle; includeInIndex = 0; path = SmartCorrectUITests.xctest; sourceTree = BUILT_PRODUCTS_DIR; };
/* End PBXFileReference section */

/* Begin PBXFileSystemSynchronizedRootGroup section */
		240476A22DF6975300A8A0CD /* SmartCorrect */ = {
			isa = PBXFileSystemSynchronizedRootGroup;
			path = SmartCorrect;
			sourceTree = "<group>";
		};
		240476B32DF6975600A8A0CD /* SmartCorrectTests */ = {
			isa = PBXFileSystemSynchronizedRootGroup;
			path = SmartCorrectTests;
			sourceTree = "<group>";
		};
		240476BD2DF6975600A8A0CD /* SmartCorrectUITests */ = {
			isa = PBXFileSystemSynchronizedRootGroup;
			path = SmartCorrectUITests;
			sourceTree = "<group>";
		};
/* End PBXFileSystemSynchronizedRootGroup section */

/* Begin PBXFrameworksBuildPhase section */
		2404769D2DF6975300A8A0CD /* Frameworks */ = {
			isa = PBXFrameworksBuildPhase;
			buildActionMask = 2147483647;
			files = (
				2455C5452DFA44C200E73679 /* KeychainAccess in Frameworks */,
				240476CF2DF6AAFE00A8A0CD /* KeyboardShortcuts in Frameworks */,
			);
			runOnlyForDeploymentPostprocessing = 0;
		};
		240476AD2DF6975600A8A0CD /* Frameworks */ = {
			isa = PBXFrameworksBuildPhase;
			buildActionMask = 2147483647;
			files = (
			);
			runOnlyForDeploymentPostprocessing = 0;
		};
		240476B72DF6975600A8A0CD /* Frameworks */ = {
			isa = PBXFrameworksBuildPhase;
			buildActionMask = 2147483647;
			files = (
			);
			runOnlyForDeploymentPostprocessing = 0;
		};
/* End PBXFrameworksBuildPhase section */

/* Begin PBXGroup section */
		240476972DF6975300A8A0CD = {
			isa = PBXGroup;
			children = (
				240476A22DF6975300A8A0CD /* SmartCorrect */,
				240476B32DF6975600A8A0CD /* SmartCorrectTests */,
				240476BD2DF6975600A8A0CD /* SmartCorrectUITests */,
				240476A12DF6975300A8A0CD /* Products */,
			);
			sourceTree = "<group>";
		};
		240476A12DF6975300A8A0CD /* Products */ = {
			isa = PBXGroup;
			children = (
				240476A02DF6975300A8A0CD /* SmartCorrect.app */,
				240476B02DF6975600A8A0CD /* SmartCorrectTests.xctest */,
				240476BA2DF6975600A8A0CD /* SmartCorrectUITests.xctest */,
			);
			name = Products;
			sourceTree = "<group>";
		};
/* End PBXGroup section */

/* Begin PBXNativeTarget section */
		2404769F2DF6975300A8A0CD /* SmartCorrect */ = {
			isa = PBXNativeTarget;
			buildConfigurationList = 240476C42DF6975600A8A0CD /* Build configuration list for PBXNativeTarget "SmartCorrect" */;
			buildPhases = (
				2404769C2DF6975300A8A0CD /* Sources */,
				2404769D2DF6975300A8A0CD /* Frameworks */,
				2404769E2DF6975300A8A0CD /* Resources */,
			);
			buildRules = (
			);
			dependencies = (
			);
			fileSystemSynchronizedGroups = (
				240476A22DF6975300A8A0CD /* SmartCorrect */,
			);
			name = SmartCorrect;
			packageProductDependencies = (
				240476CE2DF6AAFE00A8A0CD /* KeyboardShortcuts */,
				2455C5442DFA44C200E73679 /* KeychainAccess */,
			);
			productName = SmartCorrect;
			productReference = 240476A02DF6975300A8A0CD /* SmartCorrect.app */;
			productType = "com.apple.product-type.application";
		};
		240476AF2DF6975600A8A0CD /* SmartCorrectTests */ = {
			isa = PBXNativeTarget;
			buildConfigurationList = 240476C72DF6975600A8A0CD /* Build configuration list for PBXNativeTarget "SmartCorrectTests" */;
			buildPhases = (
				240476AC2DF6975600A8A0CD /* Sources */,
				240476AD2DF6975600A8A0CD /* Frameworks */,
				240476AE2DF6975600A8A0CD /* Resources */,
			);
			buildRules = (
			);
			dependencies = (
				240476B22DF6975600A8A0CD /* PBXTargetDependency */,
			);
			fileSystemSynchronizedGroups = (
				240476B32DF6975600A8A0CD /* SmartCorrectTests */,
			);
			name = SmartCorrectTests;
			packageProductDependencies = (
			);
			productName = SmartCorrectTests;
			productReference = 240476B02DF6975600A8A0CD /* SmartCorrectTests.xctest */;
			productType = "com.apple.product-type.bundle.unit-test";
		};
		240476B92DF6975600A8A0CD /* SmartCorrectUITests */ = {
			isa = PBXNativeTarget;
			buildConfigurationList = 240476CA2DF6975600A8A0CD /* Build configuration list for PBXNativeTarget "SmartCorrectUITests" */;
			buildPhases = (
				240476B62DF6975600A8A0CD /* Sources */,
				240476B72DF6975600A8A0CD /* Frameworks */,
				240476B82DF6975600A8A0CD /* Resources */,
			);
			buildRules = (
			);
			dependencies = (
				240476BC2DF6975600A8A0CD /* PBXTargetDependency */,
			);
			fileSystemSynchronizedGroups = (
				240476BD2DF6975600A8A0CD /* SmartCorrectUITests */,
			);
			name = SmartCorrectUITests;
			packageProductDependencies = (
			);
			productName = SmartCorrectUITests;
			productReference = 240476BA2DF6975600A8A0CD /* SmartCorrectUITests.xctest */;
			productType = "com.apple.product-type.bundle.ui-testing";
		};
/* End PBXNativeTarget section */

/* Begin PBXProject section */
		240476982DF6975300A8A0CD /* Project object */ = {
			isa = PBXProject;
			attributes = {
				BuildIndependentTargetsInParallel = 1;
				CLASSPREFIX = EII;
				LastSwiftUpdateCheck = 1640;
				LastUpgradeCheck = 1640;
				ORGANIZATIONNAME = "Entopia Investment Inc";
				TargetAttributes = {
					2404769F2DF6975300A8A0CD = {
						CreatedOnToolsVersion = 16.4;
					};
					240476AF2DF6975600A8A0CD = {
						CreatedOnToolsVersion = 16.4;
						TestTargetID = 2404769F2DF6975300A8A0CD;
					};
					240476B92DF6975600A8A0CD = {
						CreatedOnToolsVersion = 16.4;
						TestTargetID = 2404769F2DF6975300A8A0CD;
					};
				};
			};
			buildConfigurationList = 2404769B2DF6975300A8A0CD /* Build configuration list for PBXProject "SmartCorrect" */;
			developmentRegion = en;
			hasScannedForEncodings = 0;
			knownRegions = (
				en,
				Base,
			);
			mainGroup = 240476972DF6975300A8A0CD;
			minimizedProjectReferenceProxies = 1;
			packageReferences = (
				240476CD2DF6AAFE00A8A0CD /* XCRemoteSwiftPackageReference "KeyboardShortcuts" */,
				2455C5432DFA44C200E73679 /* XCRemoteSwiftPackageReference "KeychainAccess" */,
			);
			preferredProjectObjectVersion = 77;
			productRefGroup = 240476A12DF6975300A8A0CD /* Products */;
			projectDirPath = "";
			projectRoot = "";
			targets = (
				2404769F2DF6975300A8A0CD /* SmartCorrect */,
				240476AF2DF6975600A8A0CD /* SmartCorrectTests */,
				240476B92DF6975600A8A0CD /* SmartCorrectUITests */,
			);
		};
/* End PBXProject section */

/* Begin PBXResourcesBuildPhase section */
		2404769E2DF6975300A8A0CD /* Resources */ = {
			isa = PBXResourcesBuildPhase;
			buildActionMask = 2147483647;
			files = (
			);
			runOnlyForDeploymentPostprocessing = 0;
		};
		240476AE2DF6975600A8A0CD /* Resources */ = {
			isa = PBXResourcesBuildPhase;
			buildActionMask = 2147483647;
			files = (
			);
			runOnlyForDeploymentPostprocessing = 0;
		};
		240476B82DF6975600A8A0CD /* Resources */ = {
			isa = PBXResourcesBuildPhase;
			buildActionMask = 2147483647;
			files = (
			);
			runOnlyForDeploymentPostprocessing = 0;
		};
/* End PBXResourcesBuildPhase section */

/* Begin PBXSourcesBuildPhase section */
		2404769C2DF6975300A8A0CD /* Sources */ = {
			isa = PBXSourcesBuildPhase;
			buildActionMask = 2147483647;
			files = (
			);
			runOnlyForDeploymentPostprocessing = 0;
		};
		240476AC2DF6975600A8A0CD /* Sources */ = {
			isa = PBXSourcesBuildPhase;
			buildActionMask = 2147483647;
			files = (
			);
			runOnlyForDeploymentPostprocessing = 0;
		};
		240476B62DF6975600A8A0CD /* Sources */ = {
			isa = PBXSourcesBuildPhase;
			buildActionMask = 2147483647;
			files = (
			);
			runOnlyForDeploymentPostprocessing = 0;
		};
/* End PBXSourcesBuildPhase section */

/* Begin PBXTargetDependency section */
		240476B22DF6975600A8A0CD /* PBXTargetDependency */ = {
			isa = PBXTargetDependency;
			target = 2404769F2DF6975300A8A0CD /* SmartCorrect */;
			targetProxy = 240476B12DF6975600A8A0CD /* PBXContainerItemProxy */;
		};
		240476BC2DF6975600A8A0CD /* PBXTargetDependency */ = {
			isa = PBXTargetDependency;
			target = 2404769F2DF6975300A8A0CD /* SmartCorrect */;
			targetProxy = 240476BB2DF6975600A8A0CD /* PBXContainerItemProxy */;
		};
/* End PBXTargetDependency section */

/* Begin XCBuildConfiguration section */
		240476C22DF6975600A8A0CD /* Debug */ = {
			isa = XCBuildConfiguration;
			buildSettings = {
				ALWAYS_SEARCH_USER_PATHS = NO;
				ASSETCATALOG_COMPILER_GENERATE_SWIFT_ASSET_SYMBOL_EXTENSIONS = YES;
				CLANG_ANALYZER_NONNULL = YES;
				CLANG_ANALYZER_NUMBER_OBJECT_CONVERSION = YES_AGGRESSIVE;
				CLANG_CXX_LANGUAGE_STANDARD = "gnu++20";
				CLANG_ENABLE_MODULES = YES;
				CLANG_ENABLE_OBJC_ARC = YES;
				CLANG_ENABLE_OBJC_WEAK = YES;
				CLANG_WARN_BLOCK_CAPTURE_AUTORELEASING = YES;
				CLANG_WARN_BOOL_CONVERSION = YES;
				CLANG_WARN_COMMA = YES;
				CLANG_WARN_CONSTANT_CONVERSION = YES;
				CLANG_WARN_DEPRECATED_OBJC_IMPLEMENTATIONS = YES;
				CLANG_WARN_DIRECT_OBJC_ISA_USAGE = YES_ERROR;
				CLANG_WARN_DOCUMENTATION_COMMENTS = YES;
				CLANG_WARN_EMPTY_BODY = YES;
				CLANG_WARN_ENUM_CONVERSION = YES;
				CLANG_WARN_INFINITE_RECURSION = YES;
				CLANG_WARN_INT_CONVERSION = YES;
				CLANG_WARN_NON_LITERAL_NULL_CONVERSION = YES;
				CLANG_WARN_OBJC_IMPLICIT_RETAIN_SELF = YES;
				CLANG_WARN_OBJC_LITERAL_CONVERSION = YES;
				CLANG_WARN_OBJC_ROOT_CLASS = YES_ERROR;
				CLANG_WARN_QUOTED_INCLUDE_IN_FRAMEWORK_HEADER = YES;
				CLANG_WARN_RANGE_LOOP_ANALYSIS = YES;
				CLANG_WARN_STRICT_PROTOTYPES = YES;
				CLANG_WARN_SUSPICIOUS_MOVE = YES;
				CLANG_WARN_UNGUARDED_AVAILABILITY = YES_AGGRESSIVE;
				CLANG_WARN_UNREACHABLE_CODE = YES;
				CLANG_WARN__DUPLICATE_METHOD_MATCH = YES;
				COPY_PHASE_STRIP = NO;
				DEBUG_INFORMATION_FORMAT = dwarf;
				DEVELOPMENT_TEAM = J2474BWJ22;
				ENABLE_STRICT_OBJC_MSGSEND = YES;
				ENABLE_TESTABILITY = YES;
				ENABLE_USER_SCRIPT_SANDBOXING = YES;
				GCC_C_LANGUAGE_STANDARD = gnu17;
				GCC_DYNAMIC_NO_PIC = NO;
				GCC_NO_COMMON_BLOCKS = YES;
				GCC_OPTIMIZATION_LEVEL = 0;
				GCC_PREPROCESSOR_DEFINITIONS = (
					"DEBUG=1",
					"$(inherited)",
				);
				GCC_WARN_64_TO_32_BIT_CONVERSION = YES;
				GCC_WARN_ABOUT_RETURN_TYPE = YES_ERROR;
				GCC_WARN_UNDECLARED_SELECTOR = YES;
				GCC_WARN_UNINITIALIZED_AUTOS = YES_AGGRESSIVE;
				GCC_WARN_UNUSED_FUNCTION = YES;
				GCC_WARN_UNUSED_VARIABLE = YES;
				LOCALIZATION_PREFERS_STRING_CATALOGS = YES;
				MACOSX_DEPLOYMENT_TARGET = 15.5;
				MTL_ENABLE_DEBUG_INFO = INCLUDE_SOURCE;
				MTL_FAST_MATH = YES;
				ONLY_ACTIVE_ARCH = YES;
				SDKROOT = macosx;
				SWIFT_ACTIVE_COMPILATION_CONDITIONS = "DEBUG $(inherited)";
				SWIFT_OPTIMIZATION_LEVEL = "-Onone";
				SWIFT_VERSION = 6.0;
			};
			name = Debug;
		};
		240476C32DF6975600A8A0CD /* Release */ = {
			isa = XCBuildConfiguration;
			buildSettings = {
				ALWAYS_SEARCH_USER_PATHS = NO;
				ASSETCATALOG_COMPILER_GENERATE_SWIFT_ASSET_SYMBOL_EXTENSIONS = YES;
				CLANG_ANALYZER_NONNULL = YES;
				CLANG_ANALYZER_NUMBER_OBJECT_CONVERSION = YES_AGGRESSIVE;
				CLANG_CXX_LANGUAGE_STANDARD = "gnu++20";
				CLANG_ENABLE_MODULES = YES;
				CLANG_ENABLE_OBJC_ARC = YES;
				CLANG_ENABLE_OBJC_WEAK = YES;
				CLANG_WARN_BLOCK_CAPTURE_AUTORELEASING = YES;
				CLANG_WARN_BOOL_CONVERSION = YES;
				CLANG_WARN_COMMA = YES;
				CLANG_WARN_CONSTANT_CONVERSION = YES;
				CLANG_WARN_DEPRECATED_OBJC_IMPLEMENTATIONS = YES;
				CLANG_WARN_DIRECT_OBJC_ISA_USAGE = YES_ERROR;
				CLANG_WARN_DOCUMENTATION_COMMENTS = YES;
				CLANG_WARN_EMPTY_BODY = YES;
				CLANG_WARN_ENUM_CONVERSION = YES;
				CLANG_WARN_INFINITE_RECURSION = YES;
				CLANG_WARN_INT_CONVERSION = YES;
				CLANG_WARN_NON_LITERAL_NULL_CONVERSION = YES;
				CLANG_WARN_OBJC_IMPLICIT_RETAIN_SELF = YES;
				CLANG_WARN_OBJC_LITERAL_CONVERSION = YES;
				CLANG_WARN_OBJC_ROOT_CLASS = YES_ERROR;
				CLANG_WARN_QUOTED_INCLUDE_IN_FRAMEWORK_HEADER = YES;
				CLANG_WARN_RANGE_LOOP_ANALYSIS = YES;
				CLANG_WARN_STRICT_PROTOTYPES = YES;
				CLANG_WARN_SUSPICIOUS_MOVE = YES;
				CLANG_WARN_UNGUARDED_AVAILABILITY = YES_AGGRESSIVE;
				CLANG_WARN_UNREACHABLE_CODE = YES;
				CLANG_WARN__DUPLICATE_METHOD_MATCH = YES;
				COPY_PHASE_STRIP = NO;
				DEBUG_INFORMATION_FORMAT = "dwarf-with-dsym";
				DEVELOPMENT_TEAM = J2474BWJ22;
				ENABLE_NS_ASSERTIONS = NO;
				ENABLE_STRICT_OBJC_MSGSEND = YES;
				ENABLE_USER_SCRIPT_SANDBOXING = YES;
				GCC_C_LANGUAGE_STANDARD = gnu17;
				GCC_NO_COMMON_BLOCKS = YES;
				GCC_WARN_64_TO_32_BIT_CONVERSION = YES;
				GCC_WARN_ABOUT_RETURN_TYPE = YES_ERROR;
				GCC_WARN_UNDECLARED_SELECTOR = YES;
				GCC_WARN_UNINITIALIZED_AUTOS = YES_AGGRESSIVE;
				GCC_WARN_UNUSED_FUNCTION = YES;
				GCC_WARN_UNUSED_VARIABLE = YES;
				LOCALIZATION_PREFERS_STRING_CATALOGS = YES;
				MACOSX_DEPLOYMENT_TARGET = 15.5;
				MTL_ENABLE_DEBUG_INFO = NO;
				MTL_FAST_MATH = YES;
				SDKROOT = macosx;
				SWIFT_COMPILATION_MODE = wholemodule;
				SWIFT_VERSION = 6.0;
			};
			name = Release;
		};
		240476C52DF6975600A8A0CD /* Debug */ = {
			isa = XCBuildConfiguration;
			buildSettings = {
				ASSETCATALOG_COMPILER_APPICON_NAME = AppIcon;
				ASSETCATALOG_COMPILER_GLOBAL_ACCENT_COLOR_NAME = AccentColor;
				CODE_SIGN_ENTITLEMENTS = SmartCorrect/SmartCorrect.entitlements;
				CODE_SIGN_STYLE = Automatic;
				COMBINE_HIDPI_IMAGES = YES;
				CURRENT_PROJECT_VERSION = 1;
				DEVELOPMENT_TEAM = J2474BWJ22;
				ENABLE_HARDENED_RUNTIME = YES;
				ENABLE_PREVIEWS = YES;
				GENERATE_INFOPLIST_FILE = YES;
				INFOPLIST_FILE = SmartCorrect/Info.plist;
				INFOPLIST_KEY_LSApplicationCategoryType = "public.app-category.utilities";
				INFOPLIST_KEY_NSHumanReadableCopyright = "";
				LD_RUNPATH_SEARCH_PATHS = (
					"$(inherited)",
					"@executable_path/../Frameworks",
				);
				MACOSX_DEPLOYMENT_TARGET = 15.0;
				MARKETING_VERSION = 1.0;
				PRODUCT_BUNDLE_IDENTIFIER = com.radnovich.SmartCorrect;
				PRODUCT_NAME = "$(TARGET_NAME)";
				REGISTER_APP_GROUPS = YES;
				SWIFT_EMIT_LOC_STRINGS = YES;
				SWIFT_VERSION = 5.0;
			};
			name = Debug;
		};
		240476C62DF6975600A8A0CD /* Release */ = {
			isa = XCBuildConfiguration;
			buildSettings = {
				ASSETCATALOG_COMPILER_APPICON_NAME = AppIcon;
				ASSETCATALOG_COMPILER_GLOBAL_ACCENT_COLOR_NAME = AccentColor;
				CODE_SIGN_ENTITLEMENTS = SmartCorrect/SmartCorrect.entitlements;
				CODE_SIGN_STYLE = Automatic;
				COMBINE_HIDPI_IMAGES = YES;
				CURRENT_PROJECT_VERSION = 1;
				DEVELOPMENT_TEAM = J2474BWJ22;
				ENABLE_HARDENED_RUNTIME = YES;
				ENABLE_PREVIEWS = YES;
				GENERATE_INFOPLIST_FILE = YES;
				INFOPLIST_FILE = SmartCorrect/Info.plist;
				INFOPLIST_KEY_LSApplicationCategoryType = "public.app-category.utilities";
				INFOPLIST_KEY_NSHumanReadableCopyright = "";
				LD_RUNPATH_SEARCH_PATHS = (
					"$(inherited)",
					"@executable_path/../Frameworks",
				);
				MACOSX_DEPLOYMENT_TARGET = 15.0;
				MARKETING_VERSION = 1.0;
				PRODUCT_BUNDLE_IDENTIFIER = com.radnovich.SmartCorrect;
				PRODUCT_NAME = "$(TARGET_NAME)";
				REGISTER_APP_GROUPS = YES;
				SWIFT_EMIT_LOC_STRINGS = YES;
				SWIFT_VERSION = 5.0;
			};
			name = Release;
		};
		240476C82DF6975600A8A0CD /* Debug */ = {
			isa = XCBuildConfiguration;
			buildSettings = {
				BUNDLE_LOADER = "$(TEST_HOST)";
				CODE_SIGN_STYLE = Automatic;
				CURRENT_PROJECT_VERSION = 1;
				DEVELOPMENT_TEAM = J2474BWJ22;
				GENERATE_INFOPLIST_FILE = YES;
				MACOSX_DEPLOYMENT_TARGET = 14.0;
				MARKETING_VERSION = 1.0;
				PRODUCT_BUNDLE_IDENTIFIER = com.radnovich.SmartCorrectTests;
				PRODUCT_NAME = "$(TARGET_NAME)";
				SWIFT_EMIT_LOC_STRINGS = NO;
				SWIFT_VERSION = 5.0;
				TEST_HOST = "$(BUILT_PRODUCTS_DIR)/SmartCorrect.app/$(BUNDLE_EXECUTABLE_FOLDER_PATH)/SmartCorrect";
			};
			name = Debug;
		};
		240476C92DF6975600A8A0CD /* Release */ = {
			isa = XCBuildConfiguration;
			buildSettings = {
				BUNDLE_LOADER = "$(TEST_HOST)";
				CODE_SIGN_STYLE = Automatic;
				CURRENT_PROJECT_VERSION = 1;
				DEVELOPMENT_TEAM = J2474BWJ22;
				GENERATE_INFOPLIST_FILE = YES;
				MACOSX_DEPLOYMENT_TARGET = 14.0;
				MARKETING_VERSION = 1.0;
				PRODUCT_BUNDLE_IDENTIFIER = com.radnovich.SmartCorrectTests;
				PRODUCT_NAME = "$(TARGET_NAME)";
				SWIFT_EMIT_LOC_STRINGS = NO;
				SWIFT_VERSION = 5.0;
				TEST_HOST = "$(BUILT_PRODUCTS_DIR)/SmartCorrect.app/$(BUNDLE_EXECUTABLE_FOLDER_PATH)/SmartCorrect";
			};
			name = Release;
		};
		240476CB2DF6975600A8A0CD /* Debug */ = {
			isa = XCBuildConfiguration;
			buildSettings = {
				CODE_SIGN_STYLE = Automatic;
				CURRENT_PROJECT_VERSION = 1;
				DEVELOPMENT_TEAM = J2474BWJ22;
				GENERATE_INFOPLIST_FILE = YES;
				MARKETING_VERSION = 1.0;
				PRODUCT_BUNDLE_IDENTIFIER = com.radnovich.SmartCorrectUITests;
				PRODUCT_NAME = "$(TARGET_NAME)";
				SWIFT_EMIT_LOC_STRINGS = NO;
				SWIFT_VERSION = 5.0;
				TEST_TARGET_NAME = SmartCorrect;
			};
			name = Debug;
		};
		240476CC2DF6975600A8A0CD /* Release */ = {
			isa = XCBuildConfiguration;
			buildSettings = {
				CODE_SIGN_STYLE = Automatic;
				CURRENT_PROJECT_VERSION = 1;
				DEVELOPMENT_TEAM = J2474BWJ22;
				GENERATE_INFOPLIST_FILE = YES;
				MARKETING_VERSION = 1.0;
				PRODUCT_BUNDLE_IDENTIFIER = com.radnovich.SmartCorrectUITests;
				PRODUCT_NAME = "$(TARGET_NAME)";
				SWIFT_EMIT_LOC_STRINGS = NO;
				SWIFT_VERSION = 5.0;
				TEST_TARGET_NAME = SmartCorrect;
			};
			name = Release;
		};
/* End XCBuildConfiguration section */

/* Begin XCConfigurationList section */
		2404769B2DF6975300A8A0CD /* Build configuration list for PBXProject "SmartCorrect" */ = {
			isa = XCConfigurationList;
			buildConfigurations = (
				240476C22DF6975600A8A0CD /* Debug */,
				240476C32DF6975600A8A0CD /* Release */,
			);
			defaultConfigurationIsVisible = 0;
			defaultConfigurationName = Release;
		};
		240476C42DF6975600A8A0CD /* Build configuration list for PBXNativeTarget "SmartCorrect" */ = {
			isa = XCConfigurationList;
			buildConfigurations = (
				240476C52DF6975600A8A0CD /* Debug */,
				240476C62DF6975600A8A0CD /* Release */,
			);
			defaultConfigurationIsVisible = 0;
			defaultConfigurationName = Release;
		};
		240476C72DF6975600A8A0CD /* Build configuration list for PBXNativeTarget "SmartCorrectTests" */ = {
			isa = XCConfigurationList;
			buildConfigurations = (
				240476C82DF6975600A8A0CD /* Debug */,
				240476C92DF6975600A8A0CD /* Release */,
			);
			defaultConfigurationIsVisible = 0;
			defaultConfigurationName = Release;
		};
		240476CA2DF6975600A8A0CD /* Build configuration list for PBXNativeTarget "SmartCorrectUITests" */ = {
			isa = XCConfigurationList;
			buildConfigurations = (
				240476CB2DF6975600A8A0CD /* Debug */,
				240476CC2DF6975600A8A0CD /* Release */,
			);
			defaultConfigurationIsVisible = 0;
			defaultConfigurationName = Release;
		};
/* End XCConfigurationList section */

/* Begin XCRemoteSwiftPackageReference section */
		240476CD2DF6AAFE00A8A0CD /* XCRemoteSwiftPackageReference "KeyboardShortcuts" */ = {
			isa = XCRemoteSwiftPackageReference;
			repositoryURL = "https://github.com/sindresorhus/KeyboardShortcuts";
			requirement = {
				kind = upToNextMajorVersion;
				minimumVersion = 2.3.0;
			};
		};
		2455C5432DFA44C200E73679 /* XCRemoteSwiftPackageReference "KeychainAccess" */ = {
			isa = XCRemoteSwiftPackageReference;
			repositoryURL = "https://github.com/kishikawakatsumi/KeychainAccess.git";
			requirement = {
				branch = master;
				kind = branch;
			};
		};
/* End XCRemoteSwiftPackageReference section */

/* Begin XCSwiftPackageProductDependency section */
		240476CE2DF6AAFE00A8A0CD /* KeyboardShortcuts */ = {
			isa = XCSwiftPackageProductDependency;
			package = 240476CD2DF6AAFE00A8A0CD /* XCRemoteSwiftPackageReference "KeyboardShortcuts" */;
			productName = KeyboardShortcuts;
		};
		2455C5442DFA44C200E73679 /* KeychainAccess */ = {
			isa = XCSwiftPackageProductDependency;
			package = 2455C5432DFA44C200E73679 /* XCRemoteSwiftPackageReference "KeychainAccess" */;
			productName = KeychainAccess;
		};
/* End XCSwiftPackageProductDependency section */
	};
	rootObject = 240476982DF6975300A8A0CD /* Project object */;
}
